
Microsoft Visual Studio Solution File, Format Version 12.00
# Visual Studio Version 17
VisualStudioVersion = 17.13.35828.75
MinimumVisualStudioVersion = 10.0.40219.1
Project("{FAE04EC0-301F-11D3-BF4B-00C04F79EFBC}") = "Tutorial_Udemy_WindowsForms", "Tutorial_Udemy_WindowsForms\Tutorial_Udemy_WindowsForms.csproj", "{C6FFB4F8-0F96-4DAC-BB58-E81D99B6C663}"
EndProject
Project("{FAE04EC0-301F-11D3-BF4B-00C04F79EFBC}") = "capaData", "capaData\capaData.csproj", "{1F3C15EF-3DB8-4736-9FE6-21E9EFB66FEB}"
EndProject
Project("{FAE04EC0-301F-11D3-BF4B-00C04F79EFBC}") = "capaLogica", "capaLogica\capaLogica.csproj", "{A427F89B-2AB5-4B8A-AAE5-0AC5F948F803}"
EndProject
Global
	GlobalSection(SolutionConfigurationPlatforms) = preSolution
		Debug|Any CPU = Debug|Any CPU
		Release|Any CPU = Release|Any CPU
	EndGlobalSection
	GlobalSection(ProjectConfigurationPlatforms) = postSolution
		{C6FFB4F8-0F96-4DAC-BB58-E81D99B6C663}.Debug|Any CPU.ActiveCfg = Debug|Any CPU
		{C6FFB4F8-0F96-4DAC-BB58-E81D99B6C663}.Debug|Any CPU.Build.0 = Debug|Any CPU
		{C6FFB4F8-0F96-4DAC-BB58-E81D99B6C663}.Release|Any CPU.ActiveCfg = Release|Any CPU
		{C6FFB4F8-0F96-4DAC-BB58-E81D99B6C663}.Release|Any CPU.Build.0 = Release|Any CPU
		{1F3C15EF-3DB8-4736-9FE6-21E9EFB66FEB}.Debug|Any CPU.ActiveCfg = Debug|Any CPU
		{1F3C15EF-3DB8-4736-9FE6-21E9EFB66FEB}.Debug|Any CPU.Build.0 = Debug|Any CPU
		{1F3C15EF-3DB8-4736-9FE6-21E9EFB66FEB}.Release|Any CPU.ActiveCfg = Release|Any CPU
		{1F3C15EF-3DB8-4736-9FE6-21E9EFB66FEB}.Release|Any CPU.Build.0 = Release|Any CPU
		{A427F89B-2AB5-4B8A-AAE5-0AC5F948F803}.Debug|Any CPU.ActiveCfg = Debug|Any CPU
		{A427F89B-2AB5-4B8A-AAE5-0AC5F948F803}.Debug|Any CPU.Build.0 = Debug|Any CPU
		{A427F89B-2AB5-4B8A-AAE5-0AC5F948F803}.Release|Any CPU.ActiveCfg = Release|Any CPU
		{A427F89B-2AB5-4B8A-AAE5-0AC5F948F803}.Release|Any CPU.Build.0 = Release|Any CPU
	EndGlobalSection
	GlobalSection(SolutionProperties) = preSolution
		HideSolutionNode = FALSE
	EndGlobalSection
	GlobalSection(ExtensibilityGlobals) = postSolution
		SolutionGuid = {1ACC5102-C41D-421C-8DA6-BCCED9297F23}
	EndGlobalSection
EndGlobal
